
Microsoft Visual Studio Solution File, Format Version 12.00
# Visual Studio Version 16
VisualStudioVersion = 16.0.31829.152
MinimumVisualStudioVersion = 10.0.40219.1
Project("{FAE04EC0-301F-11D3-BF4B-00C04F79EFBC}") = "PracticaFinal", "PracticaFinal\PracticaFinal.csproj", "{ECF54438-9E8E-4A9B-BB39-A03F709BC995}"
EndProject
Global
	GlobalSection(SolutionConfigurationPlatforms) = preSolution
		Debug|Any CPU = Debug|Any CPU
		Release|Any CPU = Release|Any CPU
	EndGlobalSection
	GlobalSection(ProjectConfigurationPlatforms) = postSolution
		{ECF54438-9E8E-4A9B-BB39-A03F709BC995}.Debug|Any CPU.ActiveCfg = Debug|Any CPU
		{ECF54438-9E8E-4A9B-BB39-A03F709BC995}.Debug|Any CPU.Build.0 = Debug|Any CPU
		{ECF54438-9E8E-4A9B-BB39-A03F709BC995}.Release|Any CPU.ActiveCfg = Release|Any CPU
		{ECF54438-9E8E-4A9B-BB39-A03F709BC995}.Release|Any CPU.Build.0 = Release|Any CPU
	EndGlobalSection
	GlobalSection(SolutionProperties) = preSolution
		HideSolutionNode = FALSE
	EndGlobalSection
	GlobalSection(ExtensibilityGlobals) = postSolution
		SolutionGuid = {DE742EDD-95F8-4A1B-89B5-86D03A4F0AD0}
	EndGlobalSection
EndGlobal
